{
  "name": "react-native-android-library",
  "version": "0.0.1",
  "lockfileVersion": 1,
  "requires": true,
  "dependencies": {
    "react-native-nfc-manager": {
      "version": "1.2.2",
      "resolved": "https://registry.npmjs.org/react-native-nfc-manager/-/react-native-nfc-manager-1.2.2.tgz",
      "integrity": "sha512-mOJD2YDpPaG+JzsjB03c+xDsRHr2Vm5CFRr9rtMRt+c/9jdvn/c2+VXCFA5/PJ1GEXdY/vFFOP96Qv5kAau8Mw=="
    }
  }
}
